{
  "name": "faiyt-astal-shell",
  "version": "1.0.0",
  "lockfileVersion": 3,
  "requires": true,
  "packages": {
    "": {
      "name": "faiyt-astal-shell",
      "version": "1.0.0",
      "dependencies": {
        "@girs/gjs": "^4.0.0-beta.23",
        "@girs/gtk-4.0": "^4.18.3-4.0.0-beta.23",
        "astal": "/usr/share/astal/gjs",
        "csstype": "^3.1.3"
      }
    },
    "../../../../usr/share/astal/gjs": {
      "name": "astal",
      "license": "LGPL-2.1"
    },
    "node_modules/@girs/cairo-1.0": {
      "version": "1.0.0-4.0.0-beta.23",
      "resolved": "https://registry.npmjs.org/@girs/cairo-1.0/-/cairo-1.0-1.0.0-4.0.0-beta.23.tgz",
      "integrity": "sha512-t5fADO+9TmZy8Xzk6Fqk23B3bmakzhNQxa3kFERzy2cL8p1q1pAWm1ARNcadIsl2IbflS4Hbn5sAwRwOm8W67A==",
      "license": "MIT",
      "dependencies": {
        "@girs/gjs": "^4.0.0-beta.23",
        "@girs/glib-2.0": "^2.84.0-4.0.0-beta.23",
        "@girs/gobject-2.0": "^2.84.0-4.0.0-beta.23"
      }
    },
    "node_modules/@girs/freetype2-2.0": {
      "version": "2.0.0-4.0.0-beta.23",
      "resolved": "https://registry.npmjs.org/@girs/freetype2-2.0/-/freetype2-2.0-2.0.0-4.0.0-beta.23.tgz",
      "integrity": "sha512-DpMJET2s2ZXmGjScv+tu8tyEDIT6mIEWgY/Lp5HaXTUkKpw+LdtVV0bEwiXMYn3TSs6QYJZyBxNlwTSD3qb+Ww==",
      "license": "MIT",
      "dependencies": {
        "@girs/gjs": "^4.0.0-beta.23",
        "@girs/gobject-2.0": "^2.84.0-4.0.0-beta.23"
      }
    },
    "node_modules/@girs/gdk-4.0": {
      "version": "4.0.0-4.0.0-beta.23",
      "resolved": "https://registry.npmjs.org/@girs/gdk-4.0/-/gdk-4.0-4.0.0-4.0.0-beta.23.tgz",
      "integrity": "sha512-esdIxWgxyKQKYAsQBnTZPHocf5CXwEovt6Xp2aIVxbATLzzd0x35194PPjq51IbZ7eRi/XnBC9yTlNI5JYVNog==",
      "license": "MIT",
      "dependencies": {
        "@girs/cairo-1.0": "^1.0.0-4.0.0-beta.23",
        "@girs/freetype2-2.0": "^2.0.0-4.0.0-beta.23",
        "@girs/gdkpixbuf-2.0": "^2.0.0-4.0.0-beta.23",
        "@girs/gio-2.0": "^2.84.0-4.0.0-beta.23",
        "@girs/gjs": "^4.0.0-beta.23",
        "@girs/glib-2.0": "^2.84.0-4.0.0-beta.23",
        "@girs/gmodule-2.0": "^2.0.0-4.0.0-beta.23",
        "@girs/gobject-2.0": "^2.84.0-4.0.0-beta.23",
        "@girs/harfbuzz-0.0": "^9.0.0-4.0.0-beta.23",
        "@girs/pango-1.0": "^1.56.4-4.0.0-beta.23",
        "@girs/pangocairo-1.0": "^1.0.0-4.0.0-beta.23"
      }
    },
    "node_modules/@girs/gdkpixbuf-2.0": {
      "version": "2.0.0-4.0.0-beta.23",
      "resolved": "https://registry.npmjs.org/@girs/gdkpixbuf-2.0/-/gdkpixbuf-2.0-2.0.0-4.0.0-beta.23.tgz",
      "integrity": "sha512-Apku+aCEsosPXdEOnDtI3GPdX2Seo2rWUm10aY3ijGOnvafjmsJkHwWlThHzV850Ygi7dw3hBBys0z8hG6Cf1A==",
      "license": "MIT",
      "dependencies": {
        "@girs/gio-2.0": "^2.84.0-4.0.0-beta.23",
        "@girs/gjs": "^4.0.0-beta.23",
        "@girs/glib-2.0": "^2.84.0-4.0.0-beta.23",
        "@girs/gmodule-2.0": "^2.0.0-4.0.0-beta.23",
        "@girs/gobject-2.0": "^2.84.0-4.0.0-beta.23"
      }
    },
    "node_modules/@girs/gio-2.0": {
      "version": "2.84.0-4.0.0-beta.23",
      "resolved": "https://registry.npmjs.org/@girs/gio-2.0/-/gio-2.0-2.84.0-4.0.0-beta.23.tgz",
      "integrity": "sha512-FcGgYQ96KhdeFJvUYsIm0XmOYaYnTfpHKzPUOW4IcJm5q38RNDKgoijBMfedv3fMxnPDtpMb08ZFD6P1GjJY8A==",
      "license": "MIT",
      "dependencies": {
        "@girs/gjs": "^4.0.0-beta.23",
        "@girs/glib-2.0": "^2.84.0-4.0.0-beta.23",
        "@girs/gmodule-2.0": "^2.0.0-4.0.0-beta.23",
        "@girs/gobject-2.0": "^2.84.0-4.0.0-beta.23"
      }
    },
    "node_modules/@girs/gjs": {
      "version": "4.0.0-beta.23",
      "resolved": "https://registry.npmjs.org/@girs/gjs/-/gjs-4.0.0-beta.23.tgz",
      "integrity": "sha512-Yz1s23WaGAsVHetWFReVxeYDJbVFtJ6KZ7u+qzWa/B3P2mB+5aXpGc7nV6Bx7GbRc48FuGgtbKxVo0rq26Ug/Q==",
      "license": "MIT",
      "dependencies": {
        "@girs/cairo-1.0": "^1.0.0-4.0.0-beta.23",
        "@girs/gio-2.0": "^2.84.0-4.0.0-beta.23",
        "@girs/glib-2.0": "^2.84.0-4.0.0-beta.23",
        "@girs/gobject-2.0": "^2.84.0-4.0.0-beta.23"
      }
    },
    "node_modules/@girs/glib-2.0": {
      "version": "2.84.0-4.0.0-beta.23",
      "resolved": "https://registry.npmjs.org/@girs/glib-2.0/-/glib-2.0-2.84.0-4.0.0-beta.23.tgz",
      "integrity": "sha512-epQae3f9rDeIrEgA9hOEiNAppJYQAfVRZ4Uh/0yO9NtAQR6PTfXUpjotw9ndjVxsHpEmRODoM2t/kytCYqKmVg==",
      "license": "MIT",
      "dependencies": {
        "@girs/gjs": "^4.0.0-beta.23",
        "@girs/gobject-2.0": "^2.84.0-4.0.0-beta.23"
      }
    },
    "node_modules/@girs/gmodule-2.0": {
      "version": "2.0.0-4.0.0-beta.23",
      "resolved": "https://registry.npmjs.org/@girs/gmodule-2.0/-/gmodule-2.0-2.0.0-4.0.0-beta.23.tgz",
      "integrity": "sha512-Dc+Pq1peNlwQ0o/WFsUzT1qt3oqgMLBhzjEfOTGAD0Jw1Ut3QCoBuryVFFNMIruOKnSSBoBnQO7Qelly5aSd2w==",
      "license": "MIT",
      "dependencies": {
        "@girs/gjs": "^4.0.0-beta.23",
        "@girs/glib-2.0": "^2.84.0-4.0.0-beta.23",
        "@girs/gobject-2.0": "^2.84.0-4.0.0-beta.23"
      }
    },
    "node_modules/@girs/gobject-2.0": {
      "version": "2.84.0-4.0.0-beta.23",
      "resolved": "https://registry.npmjs.org/@girs/gobject-2.0/-/gobject-2.0-2.84.0-4.0.0-beta.23.tgz",
      "integrity": "sha512-GNWQDLo+Nmq2FQNPljKKh4Zplp8vZwwr0hj1sf4lbJ36zbVsovrhfNozqaph0XNjv8vtHeTcXUocGQprM9FHCg==",
      "license": "MIT",
      "dependencies": {
        "@girs/gjs": "^4.0.0-beta.23",
        "@girs/glib-2.0": "^2.84.0-4.0.0-beta.23"
      }
    },
    "node_modules/@girs/graphene-1.0": {
      "version": "1.0.0-4.0.0-beta.23",
      "resolved": "https://registry.npmjs.org/@girs/graphene-1.0/-/graphene-1.0-1.0.0-4.0.0-beta.23.tgz",
      "integrity": "sha512-C6HAR88uCAi6xCKip208tPdzYUBFICiCyBSBm+gVzniEfikNM4CVN7+tHHwp4Gd1FKixK5EMVDIYs5sCfToNWQ==",
      "license": "MIT",
      "dependencies": {
        "@girs/gjs": "^4.0.0-beta.23",
        "@girs/glib-2.0": "^2.84.0-4.0.0-beta.23",
        "@girs/gobject-2.0": "^2.84.0-4.0.0-beta.23"
      }
    },
    "node_modules/@girs/gsk-4.0": {
      "version": "4.0.0-4.0.0-beta.23",
      "resolved": "https://registry.npmjs.org/@girs/gsk-4.0/-/gsk-4.0-4.0.0-4.0.0-beta.23.tgz",
      "integrity": "sha512-zLjklfxLjef6SV5VEQ2+52G/d+hQqmp6HbBu0/Jn5CLFFYe22LmDQWSEtGOn0NwKDL7XltXaxKoT/JBHEQsgcg==",
      "license": "MIT",
      "dependencies": {
        "@girs/cairo-1.0": "^1.0.0-4.0.0-beta.23",
        "@girs/freetype2-2.0": "^2.0.0-4.0.0-beta.23",
        "@girs/gdk-4.0": "^4.0.0-4.0.0-beta.23",
        "@girs/gdkpixbuf-2.0": "^2.0.0-4.0.0-beta.23",
        "@girs/gio-2.0": "^2.84.0-4.0.0-beta.23",
        "@girs/gjs": "^4.0.0-beta.23",
        "@girs/glib-2.0": "^2.84.0-4.0.0-beta.23",
        "@girs/gmodule-2.0": "^2.0.0-4.0.0-beta.23",
        "@girs/gobject-2.0": "^2.84.0-4.0.0-beta.23",
        "@girs/graphene-1.0": "^1.0.0-4.0.0-beta.23",
        "@girs/harfbuzz-0.0": "^9.0.0-4.0.0-beta.23",
        "@girs/pango-1.0": "^1.56.4-4.0.0-beta.23",
        "@girs/pangocairo-1.0": "^1.0.0-4.0.0-beta.23"
      }
    },
    "node_modules/@girs/gtk-4.0": {
      "version": "4.18.3-4.0.0-beta.23",
      "resolved": "https://registry.npmjs.org/@girs/gtk-4.0/-/gtk-4.0-4.18.3-4.0.0-beta.23.tgz",
      "integrity": "sha512-CsMPZLHQz+kWP81zR8AfPRpqUh9g1i5QNG08E9shj3Z9hvbR3goXmQXCSjgVxkcD40YsFn2tlc5FF/aztwY45Q==",
      "license": "MIT",
      "dependencies": {
        "@girs/cairo-1.0": "^1.0.0-4.0.0-beta.23",
        "@girs/freetype2-2.0": "^2.0.0-4.0.0-beta.23",
        "@girs/gdk-4.0": "^4.0.0-4.0.0-beta.23",
        "@girs/gdkpixbuf-2.0": "^2.0.0-4.0.0-beta.23",
        "@girs/gio-2.0": "^2.84.0-4.0.0-beta.23",
        "@girs/gjs": "^4.0.0-beta.23",
        "@girs/glib-2.0": "^2.84.0-4.0.0-beta.23",
        "@girs/gmodule-2.0": "^2.0.0-4.0.0-beta.23",
        "@girs/gobject-2.0": "^2.84.0-4.0.0-beta.23",
        "@girs/graphene-1.0": "^1.0.0-4.0.0-beta.23",
        "@girs/gsk-4.0": "^4.0.0-4.0.0-beta.23",
        "@girs/harfbuzz-0.0": "^9.0.0-4.0.0-beta.23",
        "@girs/pango-1.0": "^1.56.4-4.0.0-beta.23",
        "@girs/pangocairo-1.0": "^1.0.0-4.0.0-beta.23"
      }
    },
    "node_modules/@girs/harfbuzz-0.0": {
      "version": "9.0.0-4.0.0-beta.23",
      "resolved": "https://registry.npmjs.org/@girs/harfbuzz-0.0/-/harfbuzz-0.0-9.0.0-4.0.0-beta.23.tgz",
      "integrity": "sha512-9uWYDEUhkyoClR4GHv69AMHRDtcNSwidtA8MG8c1rMDT5qWNWkwfQK5hwX8/oBCbL0LqJNeMfJByIQ3yLfgQGg==",
      "license": "MIT",
      "dependencies": {
        "@girs/freetype2-2.0": "^2.0.0-4.0.0-beta.23",
        "@girs/gjs": "^4.0.0-beta.23",
        "@girs/glib-2.0": "^2.84.0-4.0.0-beta.23",
        "@girs/gobject-2.0": "^2.84.0-4.0.0-beta.23"
      }
    },
    "node_modules/@girs/pango-1.0": {
      "version": "1.56.4-4.0.0-beta.23",
      "resolved": "https://registry.npmjs.org/@girs/pango-1.0/-/pango-1.0-1.56.4-4.0.0-beta.23.tgz",
      "integrity": "sha512-gezMBRQerPUt7xLGzx34W0UFK+AVf2S7GPKm1LK8dGGq4qnjkkEdf1w2wcN/iV3lLCxz1+4U0MmBArrqcSe2hQ==",
      "license": "MIT",
      "dependencies": {
        "@girs/cairo-1.0": "^1.0.0-4.0.0-beta.23",
        "@girs/freetype2-2.0": "^2.0.0-4.0.0-beta.23",
        "@girs/gio-2.0": "^2.84.0-4.0.0-beta.23",
        "@girs/gjs": "^4.0.0-beta.23",
        "@girs/glib-2.0": "^2.84.0-4.0.0-beta.23",
        "@girs/gmodule-2.0": "^2.0.0-4.0.0-beta.23",
        "@girs/gobject-2.0": "^2.84.0-4.0.0-beta.23",
        "@girs/harfbuzz-0.0": "^9.0.0-4.0.0-beta.23"
      }
    },
    "node_modules/@girs/pangocairo-1.0": {
      "version": "1.0.0-4.0.0-beta.23",
      "resolved": "https://registry.npmjs.org/@girs/pangocairo-1.0/-/pangocairo-1.0-1.0.0-4.0.0-beta.23.tgz",
      "integrity": "sha512-8omT0HAxzj+IDLIYLv08GjXc43yRs5QXxttEtV+/0aDWX0XOyaenuWg9cNS8lwBKPIa5tW9lcdLCudyBJ2xcqA==",
      "license": "MIT",
      "dependencies": {
        "@girs/cairo-1.0": "^1.0.0-4.0.0-beta.23",
        "@girs/freetype2-2.0": "^2.0.0-4.0.0-beta.23",
        "@girs/gio-2.0": "^2.84.0-4.0.0-beta.23",
        "@girs/gjs": "^4.0.0-beta.23",
        "@girs/glib-2.0": "^2.84.0-4.0.0-beta.23",
        "@girs/gmodule-2.0": "^2.0.0-4.0.0-beta.23",
        "@girs/gobject-2.0": "^2.84.0-4.0.0-beta.23",
        "@girs/harfbuzz-0.0": "^9.0.0-4.0.0-beta.23",
        "@girs/pango-1.0": "^1.56.4-4.0.0-beta.23"
      }
    },
    "node_modules/astal": {
      "resolved": "../../../../usr/share/astal/gjs",
      "link": true
    },
    "node_modules/csstype": {
      "version": "3.1.3",
      "license": "MIT"
    }
  }
}
